
Microsoft Visual Studio Solution File, Format Version 12.00
# Visual Studio Version 17
VisualStudioVersion = 17.11.35327.3
MinimumVisualStudioVersion = 10.0.40219.1
Project("{00D1A9C2-B5F0-4AF3-8072-F6C62B433612}") = "HotelAppDb", "HotelAppDb\HotelAppDb.sqlproj", "{449B6809-070E-4091-A09A-B50F3116CD29}"
EndProject
Project("{9A19103F-16F7-4668-BE54-9A1E7A4F7556}") = "DataAccessLibrary", "DataAccessLibrary\DataAccessLibrary.csproj", "{5907F1A4-1675-4CF4-8D70-061FCEB71A1D}"
EndProject
Project("{9A19103F-16F7-4668-BE54-9A1E7A4F7556}") = "HotelAppRazorPages", "HotelAppRazorPages\HotelAppRazorPages.csproj", "{0F4C0DB0-2133-41A1-95F2-6255055EAAD1}"
EndProject
Project("{FAE04EC0-301F-11D3-BF4B-00C04F79EFBC}") = "HotelAppWPF", "HotelAppWPF\HotelAppWPF.csproj", "{9903144C-8185-4498-9F8D-D4D0888679CD}"
EndProject
Global
	GlobalSection(SolutionConfigurationPlatforms) = preSolution
		Debug|Any CPU = Debug|Any CPU
		Release|Any CPU = Release|Any CPU
	EndGlobalSection
	GlobalSection(ProjectConfigurationPlatforms) = postSolution
		{449B6809-070E-4091-A09A-B50F3116CD29}.Debug|Any CPU.ActiveCfg = Debug|Any CPU
		{449B6809-070E-4091-A09A-B50F3116CD29}.Debug|Any CPU.Build.0 = Debug|Any CPU
		{449B6809-070E-4091-A09A-B50F3116CD29}.Debug|Any CPU.Deploy.0 = Debug|Any CPU
		{449B6809-070E-4091-A09A-B50F3116CD29}.Release|Any CPU.ActiveCfg = Release|Any CPU
		{449B6809-070E-4091-A09A-B50F3116CD29}.Release|Any CPU.Build.0 = Release|Any CPU
		{449B6809-070E-4091-A09A-B50F3116CD29}.Release|Any CPU.Deploy.0 = Release|Any CPU
		{5907F1A4-1675-4CF4-8D70-061FCEB71A1D}.Debug|Any CPU.ActiveCfg = Debug|Any CPU
		{5907F1A4-1675-4CF4-8D70-061FCEB71A1D}.Debug|Any CPU.Build.0 = Debug|Any CPU
		{5907F1A4-1675-4CF4-8D70-061FCEB71A1D}.Release|Any CPU.ActiveCfg = Release|Any CPU
		{5907F1A4-1675-4CF4-8D70-061FCEB71A1D}.Release|Any CPU.Build.0 = Release|Any CPU
		{0F4C0DB0-2133-41A1-95F2-6255055EAAD1}.Debug|Any CPU.ActiveCfg = Debug|Any CPU
		{0F4C0DB0-2133-41A1-95F2-6255055EAAD1}.Debug|Any CPU.Build.0 = Debug|Any CPU
		{0F4C0DB0-2133-41A1-95F2-6255055EAAD1}.Release|Any CPU.ActiveCfg = Release|Any CPU
		{0F4C0DB0-2133-41A1-95F2-6255055EAAD1}.Release|Any CPU.Build.0 = Release|Any CPU
		{9903144C-8185-4498-9F8D-D4D0888679CD}.Debug|Any CPU.ActiveCfg = Debug|Any CPU
		{9903144C-8185-4498-9F8D-D4D0888679CD}.Debug|Any CPU.Build.0 = Debug|Any CPU
		{9903144C-8185-4498-9F8D-D4D0888679CD}.Release|Any CPU.ActiveCfg = Release|Any CPU
		{9903144C-8185-4498-9F8D-D4D0888679CD}.Release|Any CPU.Build.0 = Release|Any CPU
	EndGlobalSection
	GlobalSection(SolutionProperties) = preSolution
		HideSolutionNode = FALSE
	EndGlobalSection
	GlobalSection(ExtensibilityGlobals) = postSolution
		SolutionGuid = {68621AA1-108A-4AB3-8B1A-FAE6D0F6D0B3}
	EndGlobalSection
EndGlobal
